
Microsoft Visual Studio Solution File, Format Version 12.00
Project("{FAE04EC0-301F-11D3-BF4B-00C04F79EFBC}") = "UniHelper", "UniHelper\UniHelper.csproj", "{8419597F-9F27-453A-8C95-0EB7F773E13A}"
EndProject
Project("{FAE04EC0-301F-11D3-BF4B-00C04F79EFBC}") = "WebApp", "WebApp\WebApp.csproj", "{1C57327D-8DD7-4327-9E55-7980EE1784C6}"
EndProject
Global
	GlobalSection(SolutionConfigurationPlatforms) = preSolution
		Debug|Any CPU = Debug|Any CPU
		Release|Any CPU = Release|Any CPU
	EndGlobalSection
	GlobalSection(ProjectConfigurationPlatforms) = postSolution
		{8419597F-9F27-453A-8C95-0EB7F773E13A}.Debug|Any CPU.ActiveCfg = Debug|Any CPU
		{8419597F-9F27-453A-8C95-0EB7F773E13A}.Debug|Any CPU.Build.0 = Debug|Any CPU
		{8419597F-9F27-453A-8C95-0EB7F773E13A}.Release|Any CPU.ActiveCfg = Release|Any CPU
		{8419597F-9F27-453A-8C95-0EB7F773E13A}.Release|Any CPU.Build.0 = Release|Any CPU
		{1C57327D-8DD7-4327-9E55-7980EE1784C6}.Debug|Any CPU.ActiveCfg = Debug|Any CPU
		{1C57327D-8DD7-4327-9E55-7980EE1784C6}.Debug|Any CPU.Build.0 = Debug|Any CPU
		{1C57327D-8DD7-4327-9E55-7980EE1784C6}.Release|Any CPU.ActiveCfg = Release|Any CPU
		{1C57327D-8DD7-4327-9E55-7980EE1784C6}.Release|Any CPU.Build.0 = Release|Any CPU
	EndGlobalSection
EndGlobal
